
Microsoft Visual Studio Solution File, Format Version 12.00
# Visual Studio Version 17
VisualStudioVersion = 17.8.34330.188
MinimumVisualStudioVersion = 10.0.40219.1
Project("{FAE04EC0-301F-11D3-BF4B-00C04F79EFBC}") = "SimpleBankingApp(UniVersion)", "SimpleBankingApp(UniVersion)\SimpleBankingApp(UniVersion).csproj", "{9806E5E2-7C7E-4020-917C-1111E550B037}"
EndProject
Global
	GlobalSection(SolutionConfigurationPlatforms) = preSolution
		Debug|Any CPU = Debug|Any CPU
		Release|Any CPU = Release|Any CPU
	EndGlobalSection
	GlobalSection(ProjectConfigurationPlatforms) = postSolution
		{9806E5E2-7C7E-4020-917C-1111E550B037}.Debug|Any CPU.ActiveCfg = Debug|Any CPU
		{9806E5E2-7C7E-4020-917C-1111E550B037}.Debug|Any CPU.Build.0 = Debug|Any CPU
		{9806E5E2-7C7E-4020-917C-1111E550B037}.Release|Any CPU.ActiveCfg = Release|Any CPU
		{9806E5E2-7C7E-4020-917C-1111E550B037}.Release|Any CPU.Build.0 = Release|Any CPU
	EndGlobalSection
	GlobalSection(SolutionProperties) = preSolution
		HideSolutionNode = FALSE
	EndGlobalSection
	GlobalSection(ExtensibilityGlobals) = postSolution
		SolutionGuid = {6449831D-C22D-4A39-943D-917FFD8E2F26}
	EndGlobalSection
EndGlobal
